
Microsoft Visual Studio Solution File, Format Version 12.00
# Visual Studio 15
VisualStudioVersion = 15.0.27004.2005
MinimumVisualStudioVersion = 10.0.40219.1
Project("{FAE04EC0-301F-11D3-BF4B-00C04F79EFBC}") = "AutoVPNLinker", "AutoVPNLinker\AutoVPNLinker.csproj", "{A2C23261-EF52-4814-A18C-4BC00ACA88B9}"
EndProject
Global
	GlobalSection(SolutionConfigurationPlatforms) = preSolution
		Debug|Any CPU = Debug|Any CPU
		Release|Any CPU = Release|Any CPU
	EndGlobalSection
	GlobalSection(ProjectConfigurationPlatforms) = postSolution
		{A2C23261-EF52-4814-A18C-4BC00ACA88B9}.Debug|Any CPU.ActiveCfg = Debug|Any CPU
		{A2C23261-EF52-4814-A18C-4BC00ACA88B9}.Debug|Any CPU.Build.0 = Debug|Any CPU
		{A2C23261-EF52-4814-A18C-4BC00ACA88B9}.Release|Any CPU.ActiveCfg = Release|Any CPU
		{A2C23261-EF52-4814-A18C-4BC00ACA88B9}.Release|Any CPU.Build.0 = Release|Any CPU
	EndGlobalSection
	GlobalSection(SolutionProperties) = preSolution
		HideSolutionNode = FALSE
	EndGlobalSection
	GlobalSection(ExtensibilityGlobals) = postSolution
		SolutionGuid = {27E0EAF2-2EA6-480C-A52C-2EDA0BBEB21E}
	EndGlobalSection
EndGlobal
